
Microsoft Visual Studio Solution File, Format Version 12.00
# Visual Studio Version 17
VisualStudioVersion = 17.14.36310.24 d17.14
MinimumVisualStudioVersion = 10.0.40219.1
Project("{2150E333-8FDC-42A3-9474-1A3956D46DE8}") = "src", "src", "{02EA681E-C7D8-13C7-8484-4AC65E1B71E8}"
EndProject
Project("{2150E333-8FDC-42A3-9474-1A3956D46DE8}") = "test", "test", "{7D419754-C474-4634-9CCE-13457B939E43}"
EndProject
Project("{2150E333-8FDC-42A3-9474-1A3956D46DE8}") = "docs", "docs", "{80C8731C-88F8-4FDD-A363-597DDCB7F537}"
EndProject
Project("{FAE04EC0-301F-11D3-BF4B-00C04F79EFBC}") = "MetricsApi.Web", "MetricsApi.Web\MetricsApi.Web.csproj", "{FE2B5F22-D90D-4A49-88F5-30BA16D2D5BA}"
EndProject
Project("{FAE04EC0-301F-11D3-BF4B-00C04F79EFBC}") = "MetricsApi.Application", "MetricsApi.Application\MetricsApi.Application.csproj", "{A7552C58-F144-4709-9B3C-8CCF3E49C7CC}"
EndProject
Project("{FAE04EC0-301F-11D3-BF4B-00C04F79EFBC}") = "MetricsApi.Domain", "MetricsApi.Domain\MetricsApi.Domain.csproj", "{9D2A1779-73F3-46C9-9B09-29C7B4BA9156}"
EndProject
Project("{FAE04EC0-301F-11D3-BF4B-00C04F79EFBC}") = "MetricsApi.Infrastructure", "MetricsApi.Infrastructure\MetricsApi.Infrastructure.csproj", "{3710E292-7B33-47E7-979E-BD3CC5F5C08E}"
EndProject
Project("{FAE04EC0-301F-11D3-BF4B-00C04F79EFBC}") = "MetricsApi.IoC", "MetricsApi.IoC\MetricsApi.IoC.csproj", "{CFB08C4D-0A6B-4997-B88E-B8CD153451DB}"
EndProject
Project("{FAE04EC0-301F-11D3-BF4B-00C04F79EFBC}") = "MetricsApi.Frontend", "MetricsApi.Frontend\MetricsApi.Frontend.csproj", "{C06A2A5D-370C-4E79-9CBE-DF8F93B62871}"
EndProject
Project("{FAE04EC0-301F-11D3-BF4B-00C04F79EFBC}") = "MetricsApi.Tests", "MetricsApi.Tests\MetricsApi.Tests.csproj", "{F9BEB8D6-D2C7-459A-949E-D1B47B5044B8}"
EndProject
Project("{2150E333-8FDC-42A3-9474-1A3956D46DE8}") = "1 - Presentation", "1 - Presentation", "{18FED4BC-285C-4682-AAB6-6250497B1F0B}"
EndProject
Project("{2150E333-8FDC-42A3-9474-1A3956D46DE8}") = "2 - Application", "2 - Application", "{782FBDAE-8E9B-4A63-8406-AADFCB9683B0}"
EndProject
Project("{2150E333-8FDC-42A3-9474-1A3956D46DE8}") = "3 - Domain", "3 - Domain", "{E496E09C-A3A8-41EC-AD14-5E0616904201}"
EndProject
Project("{2150E333-8FDC-42A3-9474-1A3956D46DE8}") = "4 - Infrastructure", "4 - Infrastructure", "{029B47D1-D532-4B7E-B397-93E4235148DC}"
EndProject
Project("{2150E333-8FDC-42A3-9474-1A3956D46DE8}") = "5 - IoC", "5 - IoC", "{65C0E6A6-D9AA-409D-8A57-038C1F6AFA14}"
EndProject
Project("{2150E333-8FDC-42A3-9474-1A3956D46DE8}") = "6 - CrossCutting", "6 - CrossCutting", "{E6349570-D7D1-428F-8E94-13396185E753}"
EndProject
Project("{FAE04EC0-301F-11D3-BF4B-00C04F79EFBC}") = "MetricsApi.CrossCutting", "MetricsApi.CrossCutting\MetricsApi.CrossCutting.csproj", "{81ADC329-7990-422C-9E5C-9DE7625F7877}"
EndProject
Project("{2150E333-8FDC-42A3-9474-1A3956D46DE8}") = "1 - UnitTests", "1 - UnitTests", "{307A31C4-BF25-4928-BCD3-3DCBA4054F52}"
EndProject
Project("{2150E333-8FDC-42A3-9474-1A3956D46DE8}") = "2 - IntegrationTests", "2 - IntegrationTests", "{6D22B667-8793-46B8-BB89-B95E113BA10E}"
EndProject
Project("{FAE04EC0-301F-11D3-BF4B-00C04F79EFBC}") = "MetricsApi.IntegrationTests", "MetricsApi.IntegrationTests\MetricsApi.IntegrationTests.csproj", "{8E5AE421-B0F7-4561-A4EE-EA4108625007}"
EndProject
Global
	GlobalSection(SolutionConfigurationPlatforms) = preSolution
		Debug|Any CPU = Debug|Any CPU
		Release|Any CPU = Release|Any CPU
	EndGlobalSection
	GlobalSection(ProjectConfigurationPlatforms) = postSolution
		{FE2B5F22-D90D-4A49-88F5-30BA16D2D5BA}.Debug|Any CPU.ActiveCfg = Debug|Any CPU
		{FE2B5F22-D90D-4A49-88F5-30BA16D2D5BA}.Debug|Any CPU.Build.0 = Debug|Any CPU
		{FE2B5F22-D90D-4A49-88F5-30BA16D2D5BA}.Release|Any CPU.ActiveCfg = Release|Any CPU
		{FE2B5F22-D90D-4A49-88F5-30BA16D2D5BA}.Release|Any CPU.Build.0 = Release|Any CPU
		{A7552C58-F144-4709-9B3C-8CCF3E49C7CC}.Debug|Any CPU.ActiveCfg = Debug|Any CPU
		{A7552C58-F144-4709-9B3C-8CCF3E49C7CC}.Debug|Any CPU.Build.0 = Debug|Any CPU
		{A7552C58-F144-4709-9B3C-8CCF3E49C7CC}.Release|Any CPU.ActiveCfg = Release|Any CPU
		{A7552C58-F144-4709-9B3C-8CCF3E49C7CC}.Release|Any CPU.Build.0 = Release|Any CPU
		{9D2A1779-73F3-46C9-9B09-29C7B4BA9156}.Debug|Any CPU.ActiveCfg = Debug|Any CPU
		{9D2A1779-73F3-46C9-9B09-29C7B4BA9156}.Debug|Any CPU.Build.0 = Debug|Any CPU
		{9D2A1779-73F3-46C9-9B09-29C7B4BA9156}.Release|Any CPU.ActiveCfg = Release|Any CPU
		{9D2A1779-73F3-46C9-9B09-29C7B4BA9156}.Release|Any CPU.Build.0 = Release|Any CPU
		{3710E292-7B33-47E7-979E-BD3CC5F5C08E}.Debug|Any CPU.ActiveCfg = Debug|Any CPU
		{3710E292-7B33-47E7-979E-BD3CC5F5C08E}.Debug|Any CPU.Build.0 = Debug|Any CPU
		{3710E292-7B33-47E7-979E-BD3CC5F5C08E}.Release|Any CPU.ActiveCfg = Release|Any CPU
		{3710E292-7B33-47E7-979E-BD3CC5F5C08E}.Release|Any CPU.Build.0 = Release|Any CPU
		{CFB08C4D-0A6B-4997-B88E-B8CD153451DB}.Debug|Any CPU.ActiveCfg = Debug|Any CPU
		{CFB08C4D-0A6B-4997-B88E-B8CD153451DB}.Debug|Any CPU.Build.0 = Debug|Any CPU
		{CFB08C4D-0A6B-4997-B88E-B8CD153451DB}.Release|Any CPU.ActiveCfg = Release|Any CPU
		{CFB08C4D-0A6B-4997-B88E-B8CD153451DB}.Release|Any CPU.Build.0 = Release|Any CPU
		{C06A2A5D-370C-4E79-9CBE-DF8F93B62871}.Debug|Any CPU.ActiveCfg = Debug|Any CPU
		{C06A2A5D-370C-4E79-9CBE-DF8F93B62871}.Debug|Any CPU.Build.0 = Debug|Any CPU
		{C06A2A5D-370C-4E79-9CBE-DF8F93B62871}.Release|Any CPU.ActiveCfg = Release|Any CPU
		{C06A2A5D-370C-4E79-9CBE-DF8F93B62871}.Release|Any CPU.Build.0 = Release|Any CPU
		{F9BEB8D6-D2C7-459A-949E-D1B47B5044B8}.Debug|Any CPU.ActiveCfg = Debug|Any CPU
		{F9BEB8D6-D2C7-459A-949E-D1B47B5044B8}.Debug|Any CPU.Build.0 = Debug|Any CPU
		{F9BEB8D6-D2C7-459A-949E-D1B47B5044B8}.Release|Any CPU.ActiveCfg = Release|Any CPU
		{F9BEB8D6-D2C7-459A-949E-D1B47B5044B8}.Release|Any CPU.Build.0 = Release|Any CPU
		{81ADC329-7990-422C-9E5C-9DE7625F7877}.Debug|Any CPU.ActiveCfg = Debug|Any CPU
		{81ADC329-7990-422C-9E5C-9DE7625F7877}.Debug|Any CPU.Build.0 = Debug|Any CPU
		{81ADC329-7990-422C-9E5C-9DE7625F7877}.Release|Any CPU.ActiveCfg = Release|Any CPU
		{81ADC329-7990-422C-9E5C-9DE7625F7877}.Release|Any CPU.Build.0 = Release|Any CPU
		{8E5AE421-B0F7-4561-A4EE-EA4108625007}.Debug|Any CPU.ActiveCfg = Debug|Any CPU
		{8E5AE421-B0F7-4561-A4EE-EA4108625007}.Debug|Any CPU.Build.0 = Debug|Any CPU
		{8E5AE421-B0F7-4561-A4EE-EA4108625007}.Release|Any CPU.ActiveCfg = Release|Any CPU
		{8E5AE421-B0F7-4561-A4EE-EA4108625007}.Release|Any CPU.Build.0 = Release|Any CPU
	EndGlobalSection
	GlobalSection(SolutionProperties) = preSolution
		HideSolutionNode = FALSE
	EndGlobalSection
	GlobalSection(NestedProjects) = preSolution
		{FE2B5F22-D90D-4A49-88F5-30BA16D2D5BA} = {18FED4BC-285C-4682-AAB6-6250497B1F0B}
		{A7552C58-F144-4709-9B3C-8CCF3E49C7CC} = {782FBDAE-8E9B-4A63-8406-AADFCB9683B0}
		{9D2A1779-73F3-46C9-9B09-29C7B4BA9156} = {E496E09C-A3A8-41EC-AD14-5E0616904201}
		{3710E292-7B33-47E7-979E-BD3CC5F5C08E} = {029B47D1-D532-4B7E-B397-93E4235148DC}
		{CFB08C4D-0A6B-4997-B88E-B8CD153451DB} = {65C0E6A6-D9AA-409D-8A57-038C1F6AFA14}
		{C06A2A5D-370C-4E79-9CBE-DF8F93B62871} = {18FED4BC-285C-4682-AAB6-6250497B1F0B}
		{F9BEB8D6-D2C7-459A-949E-D1B47B5044B8} = {307A31C4-BF25-4928-BCD3-3DCBA4054F52}
		{18FED4BC-285C-4682-AAB6-6250497B1F0B} = {02EA681E-C7D8-13C7-8484-4AC65E1B71E8}
		{782FBDAE-8E9B-4A63-8406-AADFCB9683B0} = {02EA681E-C7D8-13C7-8484-4AC65E1B71E8}
		{E496E09C-A3A8-41EC-AD14-5E0616904201} = {02EA681E-C7D8-13C7-8484-4AC65E1B71E8}
		{029B47D1-D532-4B7E-B397-93E4235148DC} = {02EA681E-C7D8-13C7-8484-4AC65E1B71E8}
		{65C0E6A6-D9AA-409D-8A57-038C1F6AFA14} = {02EA681E-C7D8-13C7-8484-4AC65E1B71E8}
		{E6349570-D7D1-428F-8E94-13396185E753} = {02EA681E-C7D8-13C7-8484-4AC65E1B71E8}
		{81ADC329-7990-422C-9E5C-9DE7625F7877} = {E6349570-D7D1-428F-8E94-13396185E753}
		{307A31C4-BF25-4928-BCD3-3DCBA4054F52} = {7D419754-C474-4634-9CCE-13457B939E43}
		{6D22B667-8793-46B8-BB89-B95E113BA10E} = {7D419754-C474-4634-9CCE-13457B939E43}
		{8E5AE421-B0F7-4561-A4EE-EA4108625007} = {6D22B667-8793-46B8-BB89-B95E113BA10E}
	EndGlobalSection
	GlobalSection(ExtensibilityGlobals) = postSolution
		SolutionGuid = {53194B55-AD55-415E-B3BC-E93F7F9D9B6D}
	EndGlobalSection
EndGlobal
